# THIS IS AN AUTOGENERATED FILE. DO NOT EDIT THIS FILE DIRECTLY.
# yarn lockfile v1


"@csstools/postcss-color-function@^1.0.3":
  "integrity" "sha512-Bc0f62WmHdtRDjf5f3e2STwRAl89N2CLb+9iAwzrv4L2hncrbDwnQD9PCq0gtAt7pOI2leIV08HIBUd4jxD8cw=="
  "resolved" "https://registry.npmjs.org/@csstools/postcss-color-function/-/postcss-color-function-1.1.1.tgz"
  "version" "1.1.1"
  dependencies:
    "@csstools/postcss-progressive-custom-properties" "^1.1.0"
    "postcss-value-parser" "^4.2.0"

"@csstools/postcss-font-format-keywords@^1.0.0":
  "integrity" "sha512-ZgrlzuUAjXIOc2JueK0X5sZDjCtgimVp/O5CEqTcs5ShWBa6smhWYbS0x5cVc/+rycTDbjjzoP0KTDnUneZGOg=="
  "resolved" "https://registry.npmjs.org/@csstools/postcss-font-format-keywords/-/postcss-font-format-keywords-1.0.1.tgz"
  "version" "1.0.1"
  dependencies:
    "postcss-value-parser" "^4.2.0"

"@csstools/postcss-hwb-function@^1.0.0":
  "integrity" "sha512-YHdEru4o3Rsbjmu6vHy4UKOXZD+Rn2zmkAmLRfPet6+Jz4Ojw8cbWxe1n42VaXQhD3CQUXXTooIy8OkVbUcL+w=="
  "resolved" "https://registry.npmjs.org/@csstools/postcss-hwb-function/-/postcss-hwb-function-1.0.2.tgz"
  "version" "1.0.2"
  dependencies:
    "postcss-value-parser" "^4.2.0"

"@csstools/postcss-ic-unit@^1.0.0":
  "integrity" "sha512-Ot1rcwRAaRHNKC9tAqoqNZhjdYBzKk1POgWfhN4uCOE47ebGcLRqXjKkApVDpjifL6u2/55ekkpnFcp+s/OZUw=="
  "resolved" "https://registry.npmjs.org/@csstools/postcss-ic-unit/-/postcss-ic-unit-1.0.1.tgz"
  "version" "1.0.1"
  dependencies:
    "@csstools/postcss-progressive-custom-properties" "^1.1.0"
    "postcss-value-parser" "^4.2.0"

"@csstools/postcss-is-pseudo-class@^2.0.1":
  "integrity" "sha512-7JPeVVZHd+jxYdULl87lvjgvWldYu+Bc62s9vD/ED6/QTGjy0jy0US/f6BG53sVMTBJ1lzKZFpYmofBN9eaRiA=="
  "resolved" "https://registry.npmjs.org/@csstools/postcss-is-pseudo-class/-/postcss-is-pseudo-class-2.0.7.tgz"
  "version" "2.0.7"
  dependencies:
    "@csstools/selector-specificity" "^2.0.0"
    "postcss-selector-parser" "^6.0.10"

"@csstools/postcss-normalize-display-values@^1.0.0":
  "integrity" "sha512-jcOanIbv55OFKQ3sYeFD/T0Ti7AMXc9nM1hZWu8m/2722gOTxFg7xYu4RDLJLeZmPUVQlGzo4jhzvTUq3x4ZUw=="
  "resolved" "https://registry.npmjs.org/@csstools/postcss-normalize-display-values/-/postcss-normalize-display-values-1.0.1.tgz"
  "version" "1.0.1"
  dependencies:
    "postcss-value-parser" "^4.2.0"

"@csstools/postcss-oklab-function@^1.0.2":
  "integrity" "sha512-nJpJgsdA3dA9y5pgyb/UfEzE7W5Ka7u0CX0/HIMVBNWzWemdcTH3XwANECU6anWv/ao4vVNLTMxhiPNZsTK6iA=="
  "resolved" "https://registry.npmjs.org/@csstools/postcss-oklab-function/-/postcss-oklab-function-1.1.1.tgz"
  "version" "1.1.1"
  dependencies:
    "@csstools/postcss-progressive-custom-properties" "^1.1.0"
    "postcss-value-parser" "^4.2.0"

"@csstools/postcss-progressive-custom-properties@^1.1.0", "@csstools/postcss-progressive-custom-properties@^1.3.0":
  "integrity" "sha512-ASA9W1aIy5ygskZYuWams4BzafD12ULvSypmaLJT2jvQ8G0M3I8PRQhC0h7mG0Z3LI05+agZjqSR9+K9yaQQjA=="
  "resolved" "https://registry.npmjs.org/@csstools/postcss-progressive-custom-properties/-/postcss-progressive-custom-properties-1.3.0.tgz"
  "version" "1.3.0"
  dependencies:
    "postcss-value-parser" "^4.2.0"

"@csstools/selector-specificity@^2.0.0":
  "integrity" "sha512-IkpVW/ehM1hWKln4fCA3NzJU8KwD+kIOvPZA4cqxoJHtE21CCzjyp+Kxbu0i5I4tBNOlXPL9mjwnWlL0VEG4Fg=="
  "resolved" "https://registry.npmjs.org/@csstools/selector-specificity/-/selector-specificity-2.0.2.tgz"
  "version" "2.0.2"

"@popperjs/core@^2.11.6":
  "integrity" "sha512-50/17A98tWUfQ176raKiOGXuYpLyyVMkxxG6oylzL3BPOlA6ADGdK7EYunSa4I064xerltq9TGXs8HmOk5E+vw=="
  "resolved" "https://registry.npmjs.org/@popperjs/core/-/core-2.11.6.tgz"
  "version" "2.11.6"

"anymatch@~3.1.2":
  "integrity" "sha512-P43ePfOAIupkguHUycrc4qJ9kz8ZiuOUijaETwX7THt0Y/GNK7v0aa8rY816xWjZ7rJdA5XdMcpVFTKMq+RvWg=="
  "resolved" "https://registry.npmjs.org/anymatch/-/anymatch-3.1.2.tgz"
  "version" "3.1.2"
  dependencies:
    "normalize-path" "^3.0.0"
    "picomatch" "^2.0.4"

"autoprefixer@^10.4.4":
  "integrity" "sha512-Uu67eduPEmOeA0vyJby5ghu1AAELCCNSsLAjK+lz6kYzNM5sqnBO36MqfsjhPjQF/BaJM5U/UuFYyl7PavY/wQ=="
  "resolved" "https://registry.npmjs.org/autoprefixer/-/autoprefixer-10.4.9.tgz"
  "version" "10.4.9"
  dependencies:
    "browserslist" "^4.21.3"
    "caniuse-lite" "^1.0.30001394"
    "fraction.js" "^4.2.0"
    "normalize-range" "^0.1.2"
    "picocolors" "^1.0.0"
    "postcss-value-parser" "^4.2.0"

"balanced-match@^1.0.0":
  "integrity" "sha512-3oSeUO0TMV67hN1AmbXsK4yaqU7tjiHlbxRDZOpH0KW9+CeX4bRAaX0Anxt0tx2MrpRpWwQaPwIlISEJhYU5Pw=="
  "resolved" "https://registry.npmjs.org/balanced-match/-/balanced-match-1.0.2.tgz"
  "version" "1.0.2"

"binary-extensions@^2.0.0":
  "integrity" "sha512-jDctJ/IVQbZoJykoeHbhXpOlNBqGNcwXJKJog42E5HDPUwQTSdjCHdihjj0DlnheQ7blbT6dHOafNAiS8ooQKA=="
  "resolved" "https://registry.npmjs.org/binary-extensions/-/binary-extensions-2.2.0.tgz"
  "version" "2.2.0"

"bootstrap@5.2.1":
  "integrity" "sha512-UQi3v2NpVPEi1n35dmRRzBJFlgvWHYwyem6yHhuT6afYF+sziEt46McRbT//kVXZ7b1YUYEVGdXEH74Nx3xzGA=="
  "resolved" "https://registry.npmjs.org/bootstrap/-/bootstrap-5.2.1.tgz"
  "version" "5.2.1"

"brace-expansion@^2.0.1":
  "integrity" "sha512-XnAIvQ8eM+kC6aULx6wuQiwVsnzsi9d3WxzV3FpWTGA19F621kwdbsAcFKXgKUHZWsy+mY6iL1sHTxWEFCytDA=="
  "resolved" "https://registry.npmjs.org/brace-expansion/-/brace-expansion-2.0.1.tgz"
  "version" "2.0.1"
  dependencies:
    "balanced-match" "^1.0.0"

"braces@~3.0.2":
  "integrity" "sha512-b8um+L1RzM3WDSzvhm6gIz1yfTbBt6YTlcEKAvsmqCZZFw46z626lVj9j1yEPW33H5H+lBQpZMP1k8l+78Ha0A=="
  "resolved" "https://registry.npmjs.org/braces/-/braces-3.0.2.tgz"
  "version" "3.0.2"
  dependencies:
    "fill-range" "^7.0.1"

"browserslist@^4.20.2", "browserslist@^4.21.3", "browserslist@>= 4.21.0":
  "integrity" "sha512-898rgRXLAyRkM1GryrrBHGkqA5hlpkV5MhtZwg9QXeiyLUYs2k00Un05aX5l2/yJIOObYKOpS2JNo8nJDE7fWQ=="
  "resolved" "https://registry.npmjs.org/browserslist/-/browserslist-4.21.3.tgz"
  "version" "4.21.3"
  dependencies:
    "caniuse-lite" "^1.0.30001370"
    "electron-to-chromium" "^1.4.202"
    "node-releases" "^2.0.6"
    "update-browserslist-db" "^1.0.5"

"caniuse-lite@^1.0.30001370", "caniuse-lite@^1.0.30001394":
  "integrity" "sha512-SW9N2TbCdLf0eiNDRrrQXx2sOkaakNZbCjgNpPyMJJbiOrU5QzMIrXOVMRM1myBXTD5iTkdrtU/EguCrBocHlA=="
  "resolved" "https://registry.npmjs.org/caniuse-lite/-/caniuse-lite-1.0.30001397.tgz"
  "version" "1.0.30001397"

"chokidar@>=3.0.0 <4.0.0":
  "integrity" "sha512-Dr3sfKRP6oTcjf2JmUmFJfeVMvXBdegxB0iVQ5eb2V10uFJUCAS8OByZdVAyVb8xXNz3GjjTgj9kLWsZTqE6kw=="
  "resolved" "https://registry.npmjs.org/chokidar/-/chokidar-3.5.3.tgz"
  "version" "3.5.3"
  dependencies:
    "anymatch" "~3.1.2"
    "braces" "~3.0.2"
    "glob-parent" "~5.1.2"
    "is-binary-path" "~2.1.0"
    "is-glob" "~4.0.1"
    "normalize-path" "~3.0.0"
    "readdirp" "~3.6.0"
  optionalDependencies:
    "fsevents" "~2.3.2"

"css-blank-pseudo@^3.0.3":
  "integrity" "sha512-VS90XWtsHGqoM0t4KpH053c4ehxZ2E6HtGI7x68YFV0pTo/QmkV/YFA+NnlvK8guxZVNWGQhVNJGC39Q8XF4OQ=="
  "resolved" "https://registry.npmjs.org/css-blank-pseudo/-/css-blank-pseudo-3.0.3.tgz"
  "version" "3.0.3"
  dependencies:
    "postcss-selector-parser" "^6.0.9"

"css-has-pseudo@^3.0.4":
  "integrity" "sha512-Vse0xpR1K9MNlp2j5w1pgWIJtm1a8qS0JwS9goFYcImjlHEmywP9VUF05aGBXzGpDJF86QXk4L0ypBmwPhGArw=="
  "resolved" "https://registry.npmjs.org/css-has-pseudo/-/css-has-pseudo-3.0.4.tgz"
  "version" "3.0.4"
  dependencies:
    "postcss-selector-parser" "^6.0.9"

"css-prefers-color-scheme@^6.0.3":
  "integrity" "sha512-4BqMbZksRkJQx2zAjrokiGMd07RqOa2IxIrrN10lyBe9xhn9DEvjUK79J6jkeiv9D9hQFXKb6g1jwU62jziJZA=="
  "resolved" "https://registry.npmjs.org/css-prefers-color-scheme/-/css-prefers-color-scheme-6.0.3.tgz"
  "version" "6.0.3"

"cssdb@^6.5.0":
  "integrity" "sha512-7GDvDSmE+20+WcSMhP17Q1EVWUrLlbxxpMDqG731n8P99JhnQZHR9YvtjPvEHfjFUjvQJvdpKCjlKOX+xe4UVA=="
  "resolved" "https://registry.npmjs.org/cssdb/-/cssdb-6.6.3.tgz"
  "version" "6.6.3"

"cssesc@^3.0.0":
  "integrity" "sha512-/Tb/JcjK111nNScGob5MNtsntNM1aCNUDipB/TkwZFhyDrrE47SOx/18wF2bbjgc3ZzCSKW1T5nt5EbFoAz/Vg=="
  "resolved" "https://registry.npmjs.org/cssesc/-/cssesc-3.0.0.tgz"
  "version" "3.0.0"

"electron-to-chromium@^1.4.202":
  "integrity" "sha512-FLs6R4FQE+1JHM0hh3sfdxnYjKvJpHZyhQDjc2qFq/xFvmmRt/TATNToZhrcGUFzpF2XjeiuozrA8lI0PZmYYw=="
  "resolved" "https://registry.npmjs.org/electron-to-chromium/-/electron-to-chromium-1.4.247.tgz"
  "version" "1.4.247"

"esbuild-darwin-arm64@0.14.39":
  "integrity" "sha512-/fcQ5UhE05OiT+bW5v7/up1bDsnvaRZPJxXwzXsMRrr7rZqPa85vayrD723oWMT64dhrgWeA3FIneF8yER0XTw=="
  "resolved" "https://registry.npmjs.org/esbuild-darwin-arm64/-/esbuild-darwin-arm64-0.14.39.tgz"
  "version" "0.14.39"

"esbuild@0.14.39":
  "integrity" "sha512-2kKujuzvRWYtwvNjYDY444LQIA3TyJhJIX3Yo4+qkFlDDtGlSicWgeHVJqMUP/2sSfH10PGwfsj+O2ro1m10xQ=="
  "resolved" "https://registry.npmjs.org/esbuild/-/esbuild-0.14.39.tgz"
  "version" "0.14.39"
  optionalDependencies:
    "esbuild-android-64" "0.14.39"
    "esbuild-android-arm64" "0.14.39"
    "esbuild-darwin-64" "0.14.39"
    "esbuild-darwin-arm64" "0.14.39"
    "esbuild-freebsd-64" "0.14.39"
    "esbuild-freebsd-arm64" "0.14.39"
    "esbuild-linux-32" "0.14.39"
    "esbuild-linux-64" "0.14.39"
    "esbuild-linux-arm" "0.14.39"
    "esbuild-linux-arm64" "0.14.39"
    "esbuild-linux-mips64le" "0.14.39"
    "esbuild-linux-ppc64le" "0.14.39"
    "esbuild-linux-riscv64" "0.14.39"
    "esbuild-linux-s390x" "0.14.39"
    "esbuild-netbsd-64" "0.14.39"
    "esbuild-openbsd-64" "0.14.39"
    "esbuild-sunos-64" "0.14.39"
    "esbuild-windows-32" "0.14.39"
    "esbuild-windows-64" "0.14.39"
    "esbuild-windows-arm64" "0.14.39"

"escalade@^3.1.1":
  "integrity" "sha512-k0er2gUkLf8O0zKJiAhmkTnJlTvINGv7ygDNPbeIsX/TJjGJZHuh9B2UxbsaEkmlEo9MfhrSzmhIlhRlI2GXnw=="
  "resolved" "https://registry.npmjs.org/escalade/-/escalade-3.1.1.tgz"
  "version" "3.1.1"

"fill-range@^7.0.1":
  "integrity" "sha512-qOo9F+dMUmC2Lcb4BbVvnKJxTPjCm+RRpe4gDuGrzkL7mEVl/djYSu2OdQ2Pa302N4oqkSg9ir6jaLWJ2USVpQ=="
  "resolved" "https://registry.npmjs.org/fill-range/-/fill-range-7.0.1.tgz"
  "version" "7.0.1"
  dependencies:
    "to-regex-range" "^5.0.1"

"fraction.js@^4.2.0":
  "integrity" "sha512-MhLuK+2gUcnZe8ZHlaaINnQLl0xRIGRfcGk2yl8xoQAfHrSsL3rYu6FCmBdkdbhc9EPlwyGHewaRsvwRMJtAlA=="
  "resolved" "https://registry.npmjs.org/fraction.js/-/fraction.js-4.2.0.tgz"
  "version" "4.2.0"

"fs.realpath@^1.0.0":
  "integrity" "sha512-OO0pH2lK6a0hZnAdau5ItzHPI6pUlvI7jMVnxUQRtw4owF2wk8lOSabtGDCTP4Ggrg2MbGnWO9X8K1t4+fGMDw=="
  "resolved" "https://registry.npmjs.org/fs.realpath/-/fs.realpath-1.0.0.tgz"
  "version" "1.0.0"

"fsevents@~2.3.2":
  "integrity" "sha512-xiqMQR4xAeHTuB9uWm+fFRcIOgKBMiOBP+eXiyT7jsgVCq1bkVygt00oASowB7EdtpOHaaPgKt812P9ab+DDKA=="
  "resolved" "https://registry.npmjs.org/fsevents/-/fsevents-2.3.2.tgz"
  "version" "2.3.2"

"function-bind@^1.1.1":
  "integrity" "sha512-yIovAzMX49sF8Yl58fSCWJ5svSLuaibPxXQJFLmBObTuCr0Mf1KiPopGM9NiFjiYBCbfaa2Fh6breQ6ANVTI0A=="
  "resolved" "https://registry.npmjs.org/function-bind/-/function-bind-1.1.1.tgz"
  "version" "1.1.1"

"glob-parent@~5.1.2":
  "integrity" "sha512-AOIgSQCepiJYwP3ARnGx+5VnTu2HBYdzbGP45eLw1vr3zB3vZLeyed1sC9hnbcOc9/SrMyM5RPQrkGz4aS9Zow=="
  "resolved" "https://registry.npmjs.org/glob-parent/-/glob-parent-5.1.2.tgz"
  "version" "5.1.2"
  dependencies:
    "is-glob" "^4.0.1"

"glob@8.0.1":
  "integrity" "sha512-cF7FYZZ47YzmCu7dDy50xSRRfO3ErRfrXuLZcNIuyiJEco0XSrGtuilG19L5xp3NcwTx7Gn+X6Tv3fmsUPTbow=="
  "resolved" "https://registry.npmjs.org/glob/-/glob-8.0.1.tgz"
  "version" "8.0.1"
  dependencies:
    "fs.realpath" "^1.0.0"
    "inflight" "^1.0.4"
    "inherits" "2"
    "minimatch" "^5.0.1"
    "once" "^1.3.0"
    "path-is-absolute" "^1.0.0"

"has@^1.0.3":
  "integrity" "sha512-f2dvO0VU6Oej7RkWJGrehjbzMAjFp5/VKPp5tTpWIV4JHHZK1/BxbFRtf/siA2SWTe09caDmVtYYzWEIbBS4zw=="
  "resolved" "https://registry.npmjs.org/has/-/has-1.0.3.tgz"
  "version" "1.0.3"
  dependencies:
    "function-bind" "^1.1.1"

"immutable@^4.0.0":
  "integrity" "sha512-oNkuqVTA8jqG1Q6c+UglTOD1xhC1BtjKI7XkCXRkZHrN5m18/XsnUp8Q89GkQO/z+0WjonSvl0FLhDYftp46nQ=="
  "resolved" "https://registry.npmjs.org/immutable/-/immutable-4.1.0.tgz"
  "version" "4.1.0"

"inflight@^1.0.4":
  "integrity" "sha512-k92I/b08q4wvFscXCLvqfsHCrjrF7yiXsQuIVvVE7N82W3+aqpzuUdBbfhWcy/FZR3/4IgflMgKLOsvPDrGCJA=="
  "resolved" "https://registry.npmjs.org/inflight/-/inflight-1.0.6.tgz"
  "version" "1.0.6"
  dependencies:
    "once" "^1.3.0"
    "wrappy" "1"

"inherits@2":
  "integrity" "sha512-k/vGaX4/Yla3WzyMCvTQOXYeIHvqOKtnqBduzTHpzpQZzAskKMhZ2K+EnBiSM9zGSoIFeMpXKxa4dYeZIQqewQ=="
  "resolved" "https://registry.npmjs.org/inherits/-/inherits-2.0.4.tgz"
  "version" "2.0.4"

"is-binary-path@~2.1.0":
  "integrity" "sha512-ZMERYes6pDydyuGidse7OsHxtbI7WVeUEozgR/g7rd0xUimYNlvZRE/K2MgZTjWy725IfelLeVcEM97mmtRGXw=="
  "resolved" "https://registry.npmjs.org/is-binary-path/-/is-binary-path-2.1.0.tgz"
  "version" "2.1.0"
  dependencies:
    "binary-extensions" "^2.0.0"

"is-core-module@^2.9.0":
  "integrity" "sha512-Erxj2n/LDAZ7H8WNJXd9tw38GYM3dv8rk8Zcs+jJuxYTW7sozH+SS8NtrSjVL1/vpLvWi1hxy96IzjJ3EHTJJg=="
  "resolved" "https://registry.npmjs.org/is-core-module/-/is-core-module-2.10.0.tgz"
  "version" "2.10.0"
  dependencies:
    "has" "^1.0.3"

"is-extglob@^2.1.1":
  "integrity" "sha512-SbKbANkN603Vi4jEZv49LeVJMn4yGwsbzZworEoyEiutsN3nJYdbO36zfhGJ6QEDpOZIFkDtnq5JRxmvl3jsoQ=="
  "resolved" "https://registry.npmjs.org/is-extglob/-/is-extglob-2.1.1.tgz"
  "version" "2.1.1"

"is-glob@^4.0.1", "is-glob@~4.0.1":
  "integrity" "sha512-xelSayHH36ZgE7ZWhli7pW34hNbNl8Ojv5KVmkJD4hBdD3th8Tfk9vYasLM+mXWOZhFkgZfxhLSnrwRr4elSSg=="
  "resolved" "https://registry.npmjs.org/is-glob/-/is-glob-4.0.3.tgz"
  "version" "4.0.3"
  dependencies:
    "is-extglob" "^2.1.1"

"is-number@^7.0.0":
  "integrity" "sha512-41Cifkg6e8TylSpdtTpeLVMqvSBEVzTttHvERD741+pnZ8ANv0004MRL43QKPDlK9cGvNp6NZWZUBlbGXYxxng=="
  "resolved" "https://registry.npmjs.org/is-number/-/is-number-7.0.0.tgz"
  "version" "7.0.0"

"klona@^2.0.4":
  "integrity" "sha512-pJiBpiXMbt7dkzXe8Ghj/u4FfXOOa98fPW+bihOJ4SjnoijweJrNThJfd3ifXpXhREjpoF2mZVH1GfS9LV3kHQ=="
  "resolved" "https://registry.npmjs.org/klona/-/klona-2.0.5.tgz"
  "version" "2.0.5"

"lilconfig@^2.0.5":
  "integrity" "sha512-9JROoBW7pobfsx+Sq2JsASvCo6Pfo6WWoUW79HuB1BCoBXD4PLWJPqDF6fNj67pqBYTbAHkE57M1kS/+L1neOg=="
  "resolved" "https://registry.npmjs.org/lilconfig/-/lilconfig-2.0.6.tgz"
  "version" "2.0.6"

"minimatch@^5.0.1":
  "integrity" "sha512-9TPBGGak4nHfGZsPBohm9AWg6NoT7QTCehS3BIJABslyZbzxfV78QM2Y6+i741OPZIafFAaiiEMh5OyIrJPgtg=="
  "resolved" "https://registry.npmjs.org/minimatch/-/minimatch-5.1.0.tgz"
  "version" "5.1.0"
  dependencies:
    "brace-expansion" "^2.0.1"

"nanoid@^3.3.1":
  "integrity" "sha512-MqBkQh/OHTS2egovRtLk45wEyNXwF+cokD+1YPf9u5VfJiRdAiRwB2froX5Co9Rh20xs4siNPm8naNotSD6RBw=="
  "resolved" "https://registry.npmjs.org/nanoid/-/nanoid-3.3.4.tgz"
  "version" "3.3.4"

"neo-async@^2.6.2":
  "integrity" "sha512-Yd3UES5mWCSqR+qNT93S3UoYUkqAZ9lLg8a7g9rimsWmYGK8cVToA4/sF3RrshdyV3sAGMXVUmpMYOw+dLpOuw=="
  "resolved" "https://registry.npmjs.org/neo-async/-/neo-async-2.6.2.tgz"
  "version" "2.6.2"

"node-releases@^2.0.6":
  "integrity" "sha512-PiVXnNuFm5+iYkLBNeq5211hvO38y63T0i2KKh2KnUs3RpzJ+JtODFjkD8yjLwnDkTYF1eKXheUwdssR+NRZdg=="
  "resolved" "https://registry.npmjs.org/node-releases/-/node-releases-2.0.6.tgz"
  "version" "2.0.6"

"normalize-path@^3.0.0", "normalize-path@~3.0.0":
  "integrity" "sha512-6eZs5Ls3WtCisHWp9S2GUy8dqkpGi4BVSz3GaqiE6ezub0512ESztXUwUB6C6IKbQkY2Pnb/mD4WYojCRwcwLA=="
  "resolved" "https://registry.npmjs.org/normalize-path/-/normalize-path-3.0.0.tgz"
  "version" "3.0.0"

"normalize-range@^0.1.2":
  "integrity" "sha512-bdok/XvKII3nUpklnV6P2hxtMNrCboOjAcyBuQnWEhO665FwrSNRxU+AqpsyvO6LgGYPspN+lu5CLtw4jPRKNA=="
  "resolved" "https://registry.npmjs.org/normalize-range/-/normalize-range-0.1.2.tgz"
  "version" "0.1.2"

"once@^1.3.0":
  "integrity" "sha512-lNaJgI+2Q5URQBkccEKHTQOPaXdUxnZZElQTZY0MFUAuaEqe1E+Nyvgdz/aIyNi6Z9MzO5dv1H8n58/GELp3+w=="
  "resolved" "https://registry.npmjs.org/once/-/once-1.4.0.tgz"
  "version" "1.4.0"
  dependencies:
    "wrappy" "1"

"path-is-absolute@^1.0.0":
  "integrity" "sha512-AVbw3UJ2e9bq64vSaS9Am0fje1Pa8pbGqTTsmXfaIiMpnr5DlDhfJOuLj9Sf95ZPVDAUerDfEk88MPmPe7UCQg=="
  "resolved" "https://registry.npmjs.org/path-is-absolute/-/path-is-absolute-1.0.1.tgz"
  "version" "1.0.1"

"path-parse@^1.0.7":
  "integrity" "sha512-LDJzPVEEEPR+y48z93A0Ed0yXb8pAByGWo/k5YYdYgpY2/2EsOsksJrq7lOHxryrVOn1ejG6oAp8ahvOIQD8sw=="
  "resolved" "https://registry.npmjs.org/path-parse/-/path-parse-1.0.7.tgz"
  "version" "1.0.7"

"picocolors@^1.0.0":
  "integrity" "sha512-1fygroTLlHu66zi26VoTDv8yRgm0Fccecssto+MhsZ0D/DGW2sm8E8AjW7NU5VVTRt5GxbeZ5qBuJr+HyLYkjQ=="
  "resolved" "https://registry.npmjs.org/picocolors/-/picocolors-1.0.0.tgz"
  "version" "1.0.0"

"picomatch@^2.0.4", "picomatch@^2.2.1":
  "integrity" "sha512-JU3teHTNjmE2VCGFzuY8EXzCDVwEqB2a8fsIvwaStHhAWJEeVd1o1QD80CU6+ZdEXXSLbSsuLwJjkCBWqRQUVA=="
  "resolved" "https://registry.npmjs.org/picomatch/-/picomatch-2.3.1.tgz"
  "version" "2.3.1"

"pify@^2.3.0":
  "integrity" "sha512-udgsAY+fTnvv7kI7aaxbqwWNb0AHiB0qBO89PZKPkoTmGOgdbrHDKD+0B2X4uTfJ/FT1R09r9gTsjUjNJotuog=="
  "resolved" "https://registry.npmjs.org/pify/-/pify-2.3.0.tgz"
  "version" "2.3.0"

"postcss-attribute-case-insensitive@^5.0.0":
  "integrity" "sha512-XIidXV8fDr0kKt28vqki84fRK8VW8eTuIa4PChv2MqKuT6C9UjmSKzen6KaWhWEoYvwxFCa7n/tC1SZ3tyq4SQ=="
  "resolved" "https://registry.npmjs.org/postcss-attribute-case-insensitive/-/postcss-attribute-case-insensitive-5.0.2.tgz"
  "version" "5.0.2"
  dependencies:
    "postcss-selector-parser" "^6.0.10"

"postcss-clamp@^4.1.0":
  "integrity" "sha512-ry4b1Llo/9zz+PKC+030KUnPITTJAHeOwjfAyyB60eT0AorGLdzp52s31OsPRHRf8NchkgFoG2y6fCfn1IV1Ow=="
  "resolved" "https://registry.npmjs.org/postcss-clamp/-/postcss-clamp-4.1.0.tgz"
  "version" "4.1.0"
  dependencies:
    "postcss-value-parser" "^4.2.0"

"postcss-color-functional-notation@^4.2.2":
  "integrity" "sha512-2yrTAUZUab9s6CpxkxC4rVgFEVaR6/2Pipvi6qcgvnYiVqZcbDHEoBDhrXzyb7Efh2CCfHQNtcqWcIruDTIUeg=="
  "resolved" "https://registry.npmjs.org/postcss-color-functional-notation/-/postcss-color-functional-notation-4.2.4.tgz"
  "version" "4.2.4"
  dependencies:
    "postcss-value-parser" "^4.2.0"

"postcss-color-hex-alpha@^8.0.3":
  "integrity" "sha512-nLo2DCRC9eE4w2JmuKgVA3fGL3d01kGq752pVALF68qpGLmx2Qrk91QTKkdUqqp45T1K1XV8IhQpcu1hoAQflQ=="
  "resolved" "https://registry.npmjs.org/postcss-color-hex-alpha/-/postcss-color-hex-alpha-8.0.4.tgz"
  "version" "8.0.4"
  dependencies:
    "postcss-value-parser" "^4.2.0"

"postcss-color-rebeccapurple@^7.0.2":
  "integrity" "sha512-pGxkuVEInwLHgkNxUc4sdg4g3py7zUeCQ9sMfwyHAT+Ezk8a4OaaVZ8lIY5+oNqA/BXXgLyXv0+5wHP68R79hg=="
  "resolved" "https://registry.npmjs.org/postcss-color-rebeccapurple/-/postcss-color-rebeccapurple-7.1.1.tgz"
  "version" "7.1.1"
  dependencies:
    "postcss-value-parser" "^4.2.0"

"postcss-custom-media@^8.0.0":
  "integrity" "sha512-7yi25vDAoHAkbhAzX9dHx2yc6ntS4jQvejrNcC+csQJAXjj15e7VcWfMgLqBNAbOvqi5uIa9huOVwdHbf+sKqg=="
  "resolved" "https://registry.npmjs.org/postcss-custom-media/-/postcss-custom-media-8.0.2.tgz"
  "version" "8.0.2"
  dependencies:
    "postcss-value-parser" "^4.2.0"

"postcss-custom-properties@^12.1.5":
  "integrity" "sha512-8rbj8kVu00RQh2fQF81oBqtduiANu4MIxhyf0HbbStgPtnFlWn0yiaYTpLHrPnJbffVY1s9apWsIoVZcc68FxA=="
  "resolved" "https://registry.npmjs.org/postcss-custom-properties/-/postcss-custom-properties-12.1.8.tgz"
  "version" "12.1.8"
  dependencies:
    "postcss-value-parser" "^4.2.0"

"postcss-custom-selectors@^6.0.0":
  "integrity" "sha512-fgVkmyiWDwmD3JbpCmB45SvvlCD6z9CG6Ie6Iere22W5aHea6oWa7EM2bpnv2Fj3I94L3VbtvX9KqwSi5aFzSg=="
  "resolved" "https://registry.npmjs.org/postcss-custom-selectors/-/postcss-custom-selectors-6.0.3.tgz"
  "version" "6.0.3"
  dependencies:
    "postcss-selector-parser" "^6.0.4"

"postcss-dir-pseudo-class@^6.0.4":
  "integrity" "sha512-eqn4m70P031PF7ZQIvSgy9RSJ5uI2171O/OO/zcRNYpJbvaeKFUlar1aJ7rmgiQtbm0FSPsRewjpdS0Oew7MPA=="
  "resolved" "https://registry.npmjs.org/postcss-dir-pseudo-class/-/postcss-dir-pseudo-class-6.0.5.tgz"
  "version" "6.0.5"
  dependencies:
    "postcss-selector-parser" "^6.0.10"

"postcss-double-position-gradients@^3.1.1":
  "integrity" "sha512-GX+FuE/uBR6eskOK+4vkXgT6pDkexLokPaz/AbJna9s5Kzp/yl488pKPjhy0obB475ovfT1Wv8ho7U/cHNaRgQ=="
  "resolved" "https://registry.npmjs.org/postcss-double-position-gradients/-/postcss-double-position-gradients-3.1.2.tgz"
  "version" "3.1.2"
  dependencies:
    "@csstools/postcss-progressive-custom-properties" "^1.1.0"
    "postcss-value-parser" "^4.2.0"

"postcss-env-function@^4.0.6":
  "integrity" "sha512-kpA6FsLra+NqcFnL81TnsU+Z7orGtDTxcOhl6pwXeEq1yFPpRMkCDpHhrz8CFQDr/Wfm0jLiNQ1OsGGPjlqPwA=="
  "resolved" "https://registry.npmjs.org/postcss-env-function/-/postcss-env-function-4.0.6.tgz"
  "version" "4.0.6"
  dependencies:
    "postcss-value-parser" "^4.2.0"

"postcss-flexbugs-fixes@5.0.2":
  "version" "5.0.2"

"postcss-focus-visible@^6.0.4":
  "integrity" "sha512-QcKuUU/dgNsstIK6HELFRT5Y3lbrMLEOwG+A4s5cA+fx3A3y/JTq3X9LaOj3OC3ALH0XqyrgQIgey/MIZ8Wczw=="
  "resolved" "https://registry.npmjs.org/postcss-focus-visible/-/postcss-focus-visible-6.0.4.tgz"
  "version" "6.0.4"
  dependencies:
    "postcss-selector-parser" "^6.0.9"

"postcss-focus-within@^5.0.4":
  "integrity" "sha512-vvjDN++C0mu8jz4af5d52CB184ogg/sSxAFS+oUJQq2SuCe7T5U2iIsVJtsCp2d6R4j0jr5+q3rPkBVZkXD9fQ=="
  "resolved" "https://registry.npmjs.org/postcss-focus-within/-/postcss-focus-within-5.0.4.tgz"
  "version" "5.0.4"
  dependencies:
    "postcss-selector-parser" "^6.0.9"

"postcss-font-variant@^5.0.0":
  "integrity" "sha512-1fmkBaCALD72CK2a9i468mA/+tr9/1cBxRRMXOUaZqO43oWPR5imcyPjXwuv7PXbCid4ndlP5zWhidQVVa3hmA=="
  "resolved" "https://registry.npmjs.org/postcss-font-variant/-/postcss-font-variant-5.0.0.tgz"
  "version" "5.0.0"

"postcss-gap-properties@^3.0.3":
  "integrity" "sha512-IuE6gKSdoUNcvkGIqdtjtcMtZIFyXZhmFd5RUlg97iVEvp1BZKV5ngsAjCjrVy+14uhGBQl9tzmi1Qwq4kqVOg=="
  "resolved" "https://registry.npmjs.org/postcss-gap-properties/-/postcss-gap-properties-3.0.5.tgz"
  "version" "3.0.5"

"postcss-image-set-function@^4.0.6":
  "integrity" "sha512-9T2r9rsvYzm5ndsBE8WgtrMlIT7VbtTfE7b3BQnudUqnBcBo7L758oc+o+pdj/dUV0l5wjwSdjeOH2DZtfv8qw=="
  "resolved" "https://registry.npmjs.org/postcss-image-set-function/-/postcss-image-set-function-4.0.7.tgz"
  "version" "4.0.7"
  dependencies:
    "postcss-value-parser" "^4.2.0"

"postcss-import@14.1.0":
  "version" "14.1.0"
  dependencies:
    "postcss-value-parser" "^4.0.0"
    "read-cache" "^1.0.0"
    "resolve" "^1.1.7"

"postcss-initial@^4.0.1":
  "integrity" "sha512-0ueD7rPqX8Pn1xJIjay0AZeIuDoF+V+VvMt/uOnn+4ezUKhZM/NokDeP6DwMNyIoYByuN/94IQnt5FEkaN59xQ=="
  "resolved" "https://registry.npmjs.org/postcss-initial/-/postcss-initial-4.0.1.tgz"
  "version" "4.0.1"

"postcss-lab-function@^4.1.2":
  "integrity" "sha512-xuXll4isR03CrQsmxyz92LJB2xX9n+pZJ5jE9JgcnmsCammLyKdlzrBin+25dy6wIjfhJpKBAN80gsTlCgRk2w=="
  "resolved" "https://registry.npmjs.org/postcss-lab-function/-/postcss-lab-function-4.2.1.tgz"
  "version" "4.2.1"
  dependencies:
    "@csstools/postcss-progressive-custom-properties" "^1.1.0"
    "postcss-value-parser" "^4.2.0"

"postcss-load-config@3.1.4":
  "version" "3.1.4"
  dependencies:
    "lilconfig" "^2.0.5"
    "yaml" "^1.10.2"

"postcss-logical@^5.0.4":
  "integrity" "sha512-RHXxplCeLh9VjinvMrZONq7im4wjWGlRJAqmAVLXyZaXwfDWP73/oq4NdIp+OZwhQUMj0zjqDfM5Fj7qby+B4g=="
  "resolved" "https://registry.npmjs.org/postcss-logical/-/postcss-logical-5.0.4.tgz"
  "version" "5.0.4"

"postcss-media-minmax@^5.0.0":
  "integrity" "sha512-yDUvFf9QdFZTuCUg0g0uNSHVlJ5X1lSzDZjPSFaiCWvjgsvu8vEVxtahPrLMinIDEEGnx6cBe6iqdx5YWz08wQ=="
  "resolved" "https://registry.npmjs.org/postcss-media-minmax/-/postcss-media-minmax-5.0.0.tgz"
  "version" "5.0.0"

"postcss-nesting@^10.1.3":
  "integrity" "sha512-lqd7LXCq0gWc0wKXtoKDru5wEUNjm3OryLVNRZ8OnW8km6fSNUuFrjEhU3nklxXE2jvd4qrox566acgh+xQt8w=="
  "resolved" "https://registry.npmjs.org/postcss-nesting/-/postcss-nesting-10.1.10.tgz"
  "version" "10.1.10"
  dependencies:
    "@csstools/selector-specificity" "^2.0.0"
    "postcss-selector-parser" "^6.0.10"

"postcss-opacity-percentage@^1.1.2":
  "integrity" "sha512-lyUfF7miG+yewZ8EAk9XUBIlrHyUE6fijnesuz+Mj5zrIHIEw6KcIZSOk/elVMqzLvREmXB83Zi/5QpNRYd47w=="
  "resolved" "https://registry.npmjs.org/postcss-opacity-percentage/-/postcss-opacity-percentage-1.1.2.tgz"
  "version" "1.1.2"

"postcss-overflow-shorthand@^3.0.3":
  "integrity" "sha512-otYl/ylHK8Y9bcBnPLo3foYFLL6a6Ak+3EQBPOTR7luMYCOsiVTUk1iLvNf6tVPNGXcoL9Hoz37kpfriRIFb4A=="
  "resolved" "https://registry.npmjs.org/postcss-overflow-shorthand/-/postcss-overflow-shorthand-3.0.4.tgz"
  "version" "3.0.4"
  dependencies:
    "postcss-value-parser" "^4.2.0"

"postcss-page-break@^3.0.4":
  "integrity" "sha512-1JGu8oCjVXLa9q9rFTo4MbeeA5FMe00/9C7lN4va606Rdb+HkxXtXsmEDrIraQ11fGz/WvKWa8gMuCKkrXpTsQ=="
  "resolved" "https://registry.npmjs.org/postcss-page-break/-/postcss-page-break-3.0.4.tgz"
  "version" "3.0.4"

"postcss-place@^7.0.4":
  "integrity" "sha512-wR8igaZROA6Z4pv0d+bvVrvGY4GVHihBCBQieXFY3kuSuMyOmEnnfFzHl/tQuqHZkfkIVBEbDvYcFfHmpSet9g=="
  "resolved" "https://registry.npmjs.org/postcss-place/-/postcss-place-7.0.5.tgz"
  "version" "7.0.5"
  dependencies:
    "postcss-value-parser" "^4.2.0"

"postcss-preset-env@7.4.3":
  "integrity" "sha512-dlPA65g9KuGv7YsmGyCKtFkZKCPLkoVMUE3omOl6yM+qrynVHxFvf0tMuippIrXB/sB/MyhL1FgTIbrO+qMERg=="
  "resolved" "https://registry.npmjs.org/postcss-preset-env/-/postcss-preset-env-7.4.3.tgz"
  "version" "7.4.3"
  dependencies:
    "@csstools/postcss-color-function" "^1.0.3"
    "@csstools/postcss-font-format-keywords" "^1.0.0"
    "@csstools/postcss-hwb-function" "^1.0.0"
    "@csstools/postcss-ic-unit" "^1.0.0"
    "@csstools/postcss-is-pseudo-class" "^2.0.1"
    "@csstools/postcss-normalize-display-values" "^1.0.0"
    "@csstools/postcss-oklab-function" "^1.0.2"
    "@csstools/postcss-progressive-custom-properties" "^1.3.0"
    "autoprefixer" "^10.4.4"
    "browserslist" "^4.20.2"
    "css-blank-pseudo" "^3.0.3"
    "css-has-pseudo" "^3.0.4"
    "css-prefers-color-scheme" "^6.0.3"
    "cssdb" "^6.5.0"
    "postcss-attribute-case-insensitive" "^5.0.0"
    "postcss-clamp" "^4.1.0"
    "postcss-color-functional-notation" "^4.2.2"
    "postcss-color-hex-alpha" "^8.0.3"
    "postcss-color-rebeccapurple" "^7.0.2"
    "postcss-custom-media" "^8.0.0"
    "postcss-custom-properties" "^12.1.5"
    "postcss-custom-selectors" "^6.0.0"
    "postcss-dir-pseudo-class" "^6.0.4"
    "postcss-double-position-gradients" "^3.1.1"
    "postcss-env-function" "^4.0.6"
    "postcss-focus-visible" "^6.0.4"
    "postcss-focus-within" "^5.0.4"
    "postcss-font-variant" "^5.0.0"
    "postcss-gap-properties" "^3.0.3"
    "postcss-image-set-function" "^4.0.6"
    "postcss-initial" "^4.0.1"
    "postcss-lab-function" "^4.1.2"
    "postcss-logical" "^5.0.4"
    "postcss-media-minmax" "^5.0.0"
    "postcss-nesting" "^10.1.3"
    "postcss-opacity-percentage" "^1.1.2"
    "postcss-overflow-shorthand" "^3.0.3"
    "postcss-page-break" "^3.0.4"
    "postcss-place" "^7.0.4"
    "postcss-pseudo-class-any-link" "^7.1.1"
    "postcss-replace-overflow-wrap" "^4.0.0"
    "postcss-selector-not" "^5.0.0"
    "postcss-value-parser" "^4.2.0"

"postcss-pseudo-class-any-link@^7.1.1":
  "integrity" "sha512-9sCtZkO6f/5ML9WcTLcIyV1yz9D1rf0tWc+ulKcvV30s0iZKS/ONyETvoWsr6vnrmW+X+KmuK3gV/w5EWnT37w=="
  "resolved" "https://registry.npmjs.org/postcss-pseudo-class-any-link/-/postcss-pseudo-class-any-link-7.1.6.tgz"
  "version" "7.1.6"
  dependencies:
    "postcss-selector-parser" "^6.0.10"

"postcss-replace-overflow-wrap@^4.0.0":
  "integrity" "sha512-KmF7SBPphT4gPPcKZc7aDkweHiKEEO8cla/GjcBK+ckKxiZslIu3C4GCRW3DNfL0o7yW7kMQu9xlZ1kXRXLXtw=="
  "resolved" "https://registry.npmjs.org/postcss-replace-overflow-wrap/-/postcss-replace-overflow-wrap-4.0.0.tgz"
  "version" "4.0.0"

"postcss-selector-not@^5.0.0":
  "integrity" "sha512-/2K3A4TCP9orP4TNS7u3tGdRFVKqz/E6pX3aGnriPG0jU78of8wsUcqE4QAhWEU0d+WnMSF93Ah3F//vUtK+iQ=="
  "resolved" "https://registry.npmjs.org/postcss-selector-not/-/postcss-selector-not-5.0.0.tgz"
  "version" "5.0.0"
  dependencies:
    "balanced-match" "^1.0.0"

"postcss-selector-parser@^6.0.10", "postcss-selector-parser@^6.0.4", "postcss-selector-parser@^6.0.9":
  "integrity" "sha512-IQ7TZdoaqbT+LCpShg46jnZVlhWD2w6iQYAcYXfHARZ7X1t/UGhhceQDs5X0cGqKvYlHNOuv7Oa1xmb0oQuA3w=="
  "resolved" "https://registry.npmjs.org/postcss-selector-parser/-/postcss-selector-parser-6.0.10.tgz"
  "version" "6.0.10"
  dependencies:
    "cssesc" "^3.0.0"
    "util-deprecate" "^1.0.2"

"postcss-value-parser@^4.0.0", "postcss-value-parser@^4.2.0":
  "integrity" "sha512-1NNCs6uurfkVbeXG4S8JFT9t19m45ICnif8zWLd5oPSZ50QnwMfK+H3jv408d4jw/7Bttv5axS5IiHoLaVNHeQ=="
  "resolved" "https://registry.npmjs.org/postcss-value-parser/-/postcss-value-parser-4.2.0.tgz"
  "version" "4.2.0"

"postcss@^8", "postcss@^8.0.0", "postcss@^8.0.3", "postcss@^8.1.0", "postcss@^8.1.4", "postcss@^8.2", "postcss@^8.3", "postcss@^8.4", "postcss@^8.4.6", "postcss@>=8.0.9", "postcss@8.4.12":
  "integrity" "sha512-lg6eITwYe9v6Hr5CncVbK70SoioNQIq81nsaG86ev5hAidQvmOeETBqs7jm43K2F5/Ley3ytDtriImV6TpNiSg=="
  "resolved" "https://registry.npmjs.org/postcss/-/postcss-8.4.12.tgz"
  "version" "8.4.12"
  dependencies:
    "nanoid" "^3.3.1"
    "picocolors" "^1.0.0"
    "source-map-js" "^1.0.2"

"read-cache@^1.0.0":
  "integrity" "sha512-Owdv/Ft7IjOgm/i0xvNDZ1LrRANRfew4b2prF3OWMQLxLfu3bS8FVhCsrSCMK4lR56Y9ya+AThoTpDCTxCmpRA=="
  "resolved" "https://registry.npmjs.org/read-cache/-/read-cache-1.0.0.tgz"
  "version" "1.0.0"
  dependencies:
    "pify" "^2.3.0"

"readdirp@~3.6.0":
  "integrity" "sha512-hOS089on8RduqdbhvQ5Z37A0ESjsqz6qnRcffsMU3495FuTdqSm+7bhJ29JvIOsBDEEnan5DPu9t3To9VRlMzA=="
  "resolved" "https://registry.npmjs.org/readdirp/-/readdirp-3.6.0.tgz"
  "version" "3.6.0"
  dependencies:
    "picomatch" "^2.2.1"

"resolve@^1.1.7":
  "integrity" "sha512-nBpuuYuY5jFsli/JIs1oldw6fOQCBioohqWZg/2hiaOybXOft4lonv85uDOKXdf8rhyK159cxU5cDcK/NKk8zw=="
  "resolved" "https://registry.npmjs.org/resolve/-/resolve-1.22.1.tgz"
  "version" "1.22.1"
  dependencies:
    "is-core-module" "^2.9.0"
    "path-parse" "^1.0.7"
    "supports-preserve-symlinks-flag" "^1.0.0"

"sass-loader@12.6.0":
  "version" "12.6.0"
  dependencies:
    "klona" "^2.0.4"
    "neo-async" "^2.6.2"

"sass@^1.3.0", "sass@1.50.1":
  "integrity" "sha512-noTnY41KnlW2A9P8sdwESpDmo+KBNkukI1i8+hOK3footBUcohNHtdOJbckp46XO95nuvcHDDZ+4tmOnpK3hjw=="
  "resolved" "https://registry.npmjs.org/sass/-/sass-1.50.1.tgz"
  "version" "1.50.1"
  dependencies:
    "chokidar" ">=3.0.0 <4.0.0"
    "immutable" "^4.0.0"
    "source-map-js" ">=0.6.2 <2.0.0"

"source-map-js@^1.0.2", "source-map-js@>=0.6.2 <2.0.0":
  "integrity" "sha512-R0XvVJ9WusLiqTCEiGCmICCMplcCkIwwR11mOSD9CR5u+IXYdiseeEuXCVAjS54zqwkLcPNnmU4OeJ6tUrWhDw=="
  "resolved" "https://registry.npmjs.org/source-map-js/-/source-map-js-1.0.2.tgz"
  "version" "1.0.2"

"supports-preserve-symlinks-flag@^1.0.0":
  "integrity" "sha512-ot0WnXS9fgdkgIcePe6RHNk1WA8+muPa6cSjeR3V8K27q9BB1rTE3R1p7Hv0z1ZyAc8s6Vvv8DIyWf681MAt0w=="
  "resolved" "https://registry.npmjs.org/supports-preserve-symlinks-flag/-/supports-preserve-symlinks-flag-1.0.0.tgz"
  "version" "1.0.0"

"to-regex-range@^5.0.1":
  "integrity" "sha512-65P7iz6X5yEr1cwcgvQxbbIw7Uk3gOy5dIdtZ4rDveLqhrdJP+Li/Hx6tyK0NEb+2GCyneCMJiGqrADCSNk8sQ=="
  "resolved" "https://registry.npmjs.org/to-regex-range/-/to-regex-range-5.0.1.tgz"
  "version" "5.0.1"
  dependencies:
    "is-number" "^7.0.0"

"update-browserslist-db@^1.0.5":
  "integrity" "sha512-iN/XYesmZ2RmmWAiI4Z5rq0YqSiv0brj9Ce9CfhNE4xIW2h+MFxcgkxIzZ+ShkFPUkjU3gQ+3oypadD3RAMtrg=="
  "resolved" "https://registry.npmjs.org/update-browserslist-db/-/update-browserslist-db-1.0.7.tgz"
  "version" "1.0.7"
  dependencies:
    "escalade" "^3.1.1"
    "picocolors" "^1.0.0"

"util-deprecate@^1.0.2":
  "integrity" "sha512-EPD5q1uXyFxJpCrLnCc1nHnq3gOa6DZBocAIiI2TaSCA7VCJ1UJDMagCzIkXNsUYfD1daK//LTEQ8xiIbrHtcw=="
  "resolved" "https://registry.npmjs.org/util-deprecate/-/util-deprecate-1.0.2.tgz"
  "version" "1.0.2"

"wrappy@1":
  "integrity" "sha512-l4Sp/DRseor9wL6EvV2+TuQn63dMkPjZ/sp9XkghTEbV9KlPS1xUsZ3u7/IQO4wxtcFB4bgpQPRcR3QCvezPcQ=="
  "resolved" "https://registry.npmjs.org/wrappy/-/wrappy-1.0.2.tgz"
  "version" "1.0.2"

"yaml@^1.10.2":
  "integrity" "sha512-r3vXyErRCYJ7wg28yvBY5VSoAF8ZvlcW9/BwUzEtUsjvX/DKs24dIkuwjtuprwJJHsbyUbLApepYTR1BN4uHrg=="
  "resolved" "https://registry.npmjs.org/yaml/-/yaml-1.10.2.tgz"
  "version" "1.10.2"
